
Microsoft Visual Studio Solution File, Format Version 12.00
# Visual Studio Version 16
VisualStudioVersion = 16.0.31205.134
MinimumVisualStudioVersion = 10.0.40219.1
Project("{FAE04EC0-301F-11D3-BF4B-00C04F79EFBC}") = "file", "file\file.csproj", "{4225F01A-FFF4-4663-A637-39A66005E1EA}"
	ProjectSection(ProjectDependencies) = postProject
		{05ED9547-D615-495B-9519-8E7EC253FF3B} = {05ED9547-D615-495B-9519-8E7EC253FF3B}
	EndProjectSection
EndProject
Project("{9A19103F-16F7-4668-BE54-9A1E7A4F7556}") = "tasktypes", "tasktypes\tasktypes.csproj", "{05ED9547-D615-495B-9519-8E7EC253FF3B}"
EndProject
Project("{9A19103F-16F7-4668-BE54-9A1E7A4F7556}") = "functionasync", "functionasync\functionasync.csproj", "{A62A6CA3-4A34-43FA-822D-809B3DFAF296}"
EndProject
Project("{9A19103F-16F7-4668-BE54-9A1E7A4F7556}") = "writereadmul", "writereadmul\writereadmul.csproj", "{DB896ED8-C80A-499C-9CD4-6DA96DB78FF2}"
EndProject
Project("{9A19103F-16F7-4668-BE54-9A1E7A4F7556}") = "taskjoin", "taskjoin\taskjoin.csproj", "{D19D8B07-8EF2-4AC4-B0AD-8D3FD5CAFBC1}"
EndProject
Project("{FAE04EC0-301F-11D3-BF4B-00C04F79EFBC}") = "tpl", "tpl\tpl.csproj", "{99335296-6051-4BD9-9E05-F26F915C1273}"
EndProject
Project("{FAE04EC0-301F-11D3-BF4B-00C04F79EFBC}") = "ProcedureGet", "ProcedureGet\ProcedureGet.csproj", "{6612CA52-91DB-47EA-9DF2-E1B2DD92AA91}"
EndProject
Global
	GlobalSection(SolutionConfigurationPlatforms) = preSolution
		Debug|Any CPU = Debug|Any CPU
		Debug|x64 = Debug|x64
		Debug|x86 = Debug|x86
		Release|Any CPU = Release|Any CPU
		Release|x64 = Release|x64
		Release|x86 = Release|x86
	EndGlobalSection
	GlobalSection(ProjectConfigurationPlatforms) = postSolution
		{4225F01A-FFF4-4663-A637-39A66005E1EA}.Debug|Any CPU.ActiveCfg = Debug|Any CPU
		{4225F01A-FFF4-4663-A637-39A66005E1EA}.Debug|Any CPU.Build.0 = Debug|Any CPU
		{4225F01A-FFF4-4663-A637-39A66005E1EA}.Debug|x64.ActiveCfg = Debug|Any CPU
		{4225F01A-FFF4-4663-A637-39A66005E1EA}.Debug|x64.Build.0 = Debug|Any CPU
		{4225F01A-FFF4-4663-A637-39A66005E1EA}.Debug|x86.ActiveCfg = Debug|Any CPU
		{4225F01A-FFF4-4663-A637-39A66005E1EA}.Debug|x86.Build.0 = Debug|Any CPU
		{4225F01A-FFF4-4663-A637-39A66005E1EA}.Release|Any CPU.ActiveCfg = Release|Any CPU
		{4225F01A-FFF4-4663-A637-39A66005E1EA}.Release|Any CPU.Build.0 = Release|Any CPU
		{4225F01A-FFF4-4663-A637-39A66005E1EA}.Release|x64.ActiveCfg = Release|Any CPU
		{4225F01A-FFF4-4663-A637-39A66005E1EA}.Release|x64.Build.0 = Release|Any CPU
		{4225F01A-FFF4-4663-A637-39A66005E1EA}.Release|x86.ActiveCfg = Release|Any CPU
		{4225F01A-FFF4-4663-A637-39A66005E1EA}.Release|x86.Build.0 = Release|Any CPU
		{05ED9547-D615-495B-9519-8E7EC253FF3B}.Debug|Any CPU.ActiveCfg = Debug|Any CPU
		{05ED9547-D615-495B-9519-8E7EC253FF3B}.Debug|Any CPU.Build.0 = Debug|Any CPU
		{05ED9547-D615-495B-9519-8E7EC253FF3B}.Debug|x64.ActiveCfg = Debug|Any CPU
		{05ED9547-D615-495B-9519-8E7EC253FF3B}.Debug|x64.Build.0 = Debug|Any CPU
		{05ED9547-D615-495B-9519-8E7EC253FF3B}.Debug|x86.ActiveCfg = Debug|Any CPU
		{05ED9547-D615-495B-9519-8E7EC253FF3B}.Debug|x86.Build.0 = Debug|Any CPU
		{05ED9547-D615-495B-9519-8E7EC253FF3B}.Release|Any CPU.ActiveCfg = Release|Any CPU
		{05ED9547-D615-495B-9519-8E7EC253FF3B}.Release|Any CPU.Build.0 = Release|Any CPU
		{05ED9547-D615-495B-9519-8E7EC253FF3B}.Release|x64.ActiveCfg = Release|Any CPU
		{05ED9547-D615-495B-9519-8E7EC253FF3B}.Release|x64.Build.0 = Release|Any CPU
		{05ED9547-D615-495B-9519-8E7EC253FF3B}.Release|x86.ActiveCfg = Release|Any CPU
		{05ED9547-D615-495B-9519-8E7EC253FF3B}.Release|x86.Build.0 = Release|Any CPU
		{A62A6CA3-4A34-43FA-822D-809B3DFAF296}.Debug|Any CPU.ActiveCfg = Debug|Any CPU
		{A62A6CA3-4A34-43FA-822D-809B3DFAF296}.Debug|Any CPU.Build.0 = Debug|Any CPU
		{A62A6CA3-4A34-43FA-822D-809B3DFAF296}.Debug|x64.ActiveCfg = Debug|Any CPU
		{A62A6CA3-4A34-43FA-822D-809B3DFAF296}.Debug|x64.Build.0 = Debug|Any CPU
		{A62A6CA3-4A34-43FA-822D-809B3DFAF296}.Debug|x86.ActiveCfg = Debug|Any CPU
		{A62A6CA3-4A34-43FA-822D-809B3DFAF296}.Debug|x86.Build.0 = Debug|Any CPU
		{A62A6CA3-4A34-43FA-822D-809B3DFAF296}.Release|Any CPU.ActiveCfg = Release|Any CPU
		{A62A6CA3-4A34-43FA-822D-809B3DFAF296}.Release|Any CPU.Build.0 = Release|Any CPU
		{A62A6CA3-4A34-43FA-822D-809B3DFAF296}.Release|x64.ActiveCfg = Release|Any CPU
		{A62A6CA3-4A34-43FA-822D-809B3DFAF296}.Release|x64.Build.0 = Release|Any CPU
		{A62A6CA3-4A34-43FA-822D-809B3DFAF296}.Release|x86.ActiveCfg = Release|Any CPU
		{A62A6CA3-4A34-43FA-822D-809B3DFAF296}.Release|x86.Build.0 = Release|Any CPU
		{DB896ED8-C80A-499C-9CD4-6DA96DB78FF2}.Debug|Any CPU.ActiveCfg = Debug|Any CPU
		{DB896ED8-C80A-499C-9CD4-6DA96DB78FF2}.Debug|Any CPU.Build.0 = Debug|Any CPU
		{DB896ED8-C80A-499C-9CD4-6DA96DB78FF2}.Debug|x64.ActiveCfg = Debug|Any CPU
		{DB896ED8-C80A-499C-9CD4-6DA96DB78FF2}.Debug|x64.Build.0 = Debug|Any CPU
		{DB896ED8-C80A-499C-9CD4-6DA96DB78FF2}.Debug|x86.ActiveCfg = Debug|Any CPU
		{DB896ED8-C80A-499C-9CD4-6DA96DB78FF2}.Debug|x86.Build.0 = Debug|Any CPU
		{DB896ED8-C80A-499C-9CD4-6DA96DB78FF2}.Release|Any CPU.ActiveCfg = Release|Any CPU
		{DB896ED8-C80A-499C-9CD4-6DA96DB78FF2}.Release|Any CPU.Build.0 = Release|Any CPU
		{DB896ED8-C80A-499C-9CD4-6DA96DB78FF2}.Release|x64.ActiveCfg = Release|Any CPU
		{DB896ED8-C80A-499C-9CD4-6DA96DB78FF2}.Release|x64.Build.0 = Release|Any CPU
		{DB896ED8-C80A-499C-9CD4-6DA96DB78FF2}.Release|x86.ActiveCfg = Release|Any CPU
		{DB896ED8-C80A-499C-9CD4-6DA96DB78FF2}.Release|x86.Build.0 = Release|Any CPU
		{D19D8B07-8EF2-4AC4-B0AD-8D3FD5CAFBC1}.Debug|Any CPU.ActiveCfg = Debug|Any CPU
		{D19D8B07-8EF2-4AC4-B0AD-8D3FD5CAFBC1}.Debug|Any CPU.Build.0 = Debug|Any CPU
		{D19D8B07-8EF2-4AC4-B0AD-8D3FD5CAFBC1}.Debug|x64.ActiveCfg = Debug|Any CPU
		{D19D8B07-8EF2-4AC4-B0AD-8D3FD5CAFBC1}.Debug|x64.Build.0 = Debug|Any CPU
		{D19D8B07-8EF2-4AC4-B0AD-8D3FD5CAFBC1}.Debug|x86.ActiveCfg = Debug|Any CPU
		{D19D8B07-8EF2-4AC4-B0AD-8D3FD5CAFBC1}.Debug|x86.Build.0 = Debug|Any CPU
		{D19D8B07-8EF2-4AC4-B0AD-8D3FD5CAFBC1}.Release|Any CPU.ActiveCfg = Release|Any CPU
		{D19D8B07-8EF2-4AC4-B0AD-8D3FD5CAFBC1}.Release|Any CPU.Build.0 = Release|Any CPU
		{D19D8B07-8EF2-4AC4-B0AD-8D3FD5CAFBC1}.Release|x64.ActiveCfg = Release|Any CPU
		{D19D8B07-8EF2-4AC4-B0AD-8D3FD5CAFBC1}.Release|x64.Build.0 = Release|Any CPU
		{D19D8B07-8EF2-4AC4-B0AD-8D3FD5CAFBC1}.Release|x86.ActiveCfg = Release|Any CPU
		{D19D8B07-8EF2-4AC4-B0AD-8D3FD5CAFBC1}.Release|x86.Build.0 = Release|Any CPU
		{99335296-6051-4BD9-9E05-F26F915C1273}.Debug|Any CPU.ActiveCfg = Debug|Any CPU
		{99335296-6051-4BD9-9E05-F26F915C1273}.Debug|Any CPU.Build.0 = Debug|Any CPU
		{99335296-6051-4BD9-9E05-F26F915C1273}.Debug|x64.ActiveCfg = Debug|Any CPU
		{99335296-6051-4BD9-9E05-F26F915C1273}.Debug|x64.Build.0 = Debug|Any CPU
		{99335296-6051-4BD9-9E05-F26F915C1273}.Debug|x86.ActiveCfg = Debug|Any CPU
		{99335296-6051-4BD9-9E05-F26F915C1273}.Debug|x86.Build.0 = Debug|Any CPU
		{99335296-6051-4BD9-9E05-F26F915C1273}.Release|Any CPU.ActiveCfg = Release|Any CPU
		{99335296-6051-4BD9-9E05-F26F915C1273}.Release|Any CPU.Build.0 = Release|Any CPU
		{99335296-6051-4BD9-9E05-F26F915C1273}.Release|x64.ActiveCfg = Release|Any CPU
		{99335296-6051-4BD9-9E05-F26F915C1273}.Release|x64.Build.0 = Release|Any CPU
		{99335296-6051-4BD9-9E05-F26F915C1273}.Release|x86.ActiveCfg = Release|Any CPU
		{99335296-6051-4BD9-9E05-F26F915C1273}.Release|x86.Build.0 = Release|Any CPU
		{6612CA52-91DB-47EA-9DF2-E1B2DD92AA91}.Debug|Any CPU.ActiveCfg = Debug|Any CPU
		{6612CA52-91DB-47EA-9DF2-E1B2DD92AA91}.Debug|Any CPU.Build.0 = Debug|Any CPU
		{6612CA52-91DB-47EA-9DF2-E1B2DD92AA91}.Debug|x64.ActiveCfg = Debug|Any CPU
		{6612CA52-91DB-47EA-9DF2-E1B2DD92AA91}.Debug|x64.Build.0 = Debug|Any CPU
		{6612CA52-91DB-47EA-9DF2-E1B2DD92AA91}.Debug|x86.ActiveCfg = Debug|Any CPU
		{6612CA52-91DB-47EA-9DF2-E1B2DD92AA91}.Debug|x86.Build.0 = Debug|Any CPU
		{6612CA52-91DB-47EA-9DF2-E1B2DD92AA91}.Release|Any CPU.ActiveCfg = Release|Any CPU
		{6612CA52-91DB-47EA-9DF2-E1B2DD92AA91}.Release|Any CPU.Build.0 = Release|Any CPU
		{6612CA52-91DB-47EA-9DF2-E1B2DD92AA91}.Release|x64.ActiveCfg = Release|Any CPU
		{6612CA52-91DB-47EA-9DF2-E1B2DD92AA91}.Release|x64.Build.0 = Release|Any CPU
		{6612CA52-91DB-47EA-9DF2-E1B2DD92AA91}.Release|x86.ActiveCfg = Release|Any CPU
		{6612CA52-91DB-47EA-9DF2-E1B2DD92AA91}.Release|x86.Build.0 = Release|Any CPU
	EndGlobalSection
	GlobalSection(SolutionProperties) = preSolution
		HideSolutionNode = FALSE
	EndGlobalSection
	GlobalSection(ExtensibilityGlobals) = postSolution
		SolutionGuid = {7813EE96-0C37-423F-A987-2325A820D560}
	EndGlobalSection
EndGlobal
